
Microsoft Visual Studio Solution File, Format Version 12.00
# Visual Studio Version 17
VisualStudioVersion = 17.10.34928.147
MinimumVisualStudioVersion = 10.0.40219.1
Project("{FAE04EC0-301F-11D3-BF4B-00C04F79EFBC}") = "webapp", "webapp\webapp.csproj", "{802D1145-8E9B-44B9-954A-5BF0711B96B3}"
EndProject
Global
	GlobalSection(SolutionConfigurationPlatforms) = preSolution
		Debug|Any CPU = Debug|Any CPU
		Release|Any CPU = Release|Any CPU
	EndGlobalSection
	GlobalSection(ProjectConfigurationPlatforms) = postSolution
		{802D1145-8E9B-44B9-954A-5BF0711B96B3}.Debug|Any CPU.ActiveCfg = Debug|Any CPU
		{802D1145-8E9B-44B9-954A-5BF0711B96B3}.Debug|Any CPU.Build.0 = Debug|Any CPU
		{802D1145-8E9B-44B9-954A-5BF0711B96B3}.Release|Any CPU.ActiveCfg = Release|Any CPU
		{802D1145-8E9B-44B9-954A-5BF0711B96B3}.Release|Any CPU.Build.0 = Release|Any CPU
	EndGlobalSection
	GlobalSection(SolutionProperties) = preSolution
		HideSolutionNode = FALSE
	EndGlobalSection
	GlobalSection(ExtensibilityGlobals) = postSolution
		SolutionGuid = {56AFC9FD-56B1-4238-A315-F8BC66C07F1A}
	EndGlobalSection
EndGlobal
